
Microsoft Visual Studio Solution File, Format Version 12.00
# Visual Studio 15
Project("{FAE04EC0-301F-11D3-BF4B-00C04F79EFBC}") = "Unity.RenderPipelines.Core.Runtime", "Unity.RenderPipelines.Core.Runtime.csproj", "{E9F5EFF0-10FE-24A8-8DFE-ED0E7FE98DF2}"
EndProject
Project("{FAE04EC0-301F-11D3-BF4B-00C04F79EFBC}") = "UnityEngine.TestRunner", "UnityEngine.TestRunner.csproj", "{D5B56630-7BEE-95EA-AE1E-70E4A10D8E68}"
EndProject
Project("{FAE04EC0-301F-11D3-BF4B-00C04F79EFBC}") = "UnityEngine.UI", "UnityEngine.UI.csproj", "{0AE852A1-2D91-8B40-9094-2397399E5706}"
EndProject
Project("{FAE04EC0-301F-11D3-BF4B-00C04F79EFBC}") = "Unity.Mathematics", "Unity.Mathematics.csproj", "{F85D11F2-2A00-3E1B-2FCE-F1E83E3E80E4}"
EndProject
Project("{FAE04EC0-301F-11D3-BF4B-00C04F79EFBC}") = "Unity.VisualScripting.State", "Unity.VisualScripting.State.csproj", "{B4784356-19A4-845A-9563-E193BA08A662}"
EndProject
Project("{FAE04EC0-301F-11D3-BF4B-00C04F79EFBC}") = "Unity.VisualScripting.Core", "Unity.VisualScripting.Core.csproj", "{A2B63402-3611-F105-AE5C-A7D5B9F34DC2}"
EndProject
Project("{FAE04EC0-301F-11D3-BF4B-00C04F79EFBC}") = "Unity.RenderPipelines.Universal.Runtime", "Unity.RenderPipelines.Universal.Runtime.csproj", "{2C3DB41C-8B4F-E615-9AD4-3C3B7AA179FD}"
EndProject
Project("{FAE04EC0-301F-11D3-BF4B-00C04F79EFBC}") = "Assembly-CSharp", "Assembly-CSharp.csproj", "{3FAF6531-BB88-FC26-6A77-D0CD1B96C51B}"
EndProject
Project("{FAE04EC0-301F-11D3-BF4B-00C04F79EFBC}") = "Unity.VisualScripting.Flow", "Unity.VisualScripting.Flow.csproj", "{7515D5C4-6966-CA2F-F1F2-5332CA4CD1DD}"
EndProject
Project("{FAE04EC0-301F-11D3-BF4B-00C04F79EFBC}") = "Unity.Animation.Rigging", "Unity.Animation.Rigging.csproj", "{82854573-D6AF-7F1D-EE23-A83CCFB44135}"
EndProject
Project("{FAE04EC0-301F-11D3-BF4B-00C04F79EFBC}") = "Unity.Burst", "Unity.Burst.csproj", "{67A83A24-0611-5317-943B-344BFDEC6B20}"
EndProject
Project("{FAE04EC0-301F-11D3-BF4B-00C04F79EFBC}") = "Unity.TextMeshPro", "Unity.TextMeshPro.csproj", "{C1BEA9CC-E2C1-2EDE-269F-9E087C3246D5}"
EndProject
Project("{FAE04EC0-301F-11D3-BF4B-00C04F79EFBC}") = "Unity.ProBuilder.Poly2Tri", "Unity.ProBuilder.Poly2Tri.csproj", "{E17463A3-4E57-33C0-A431-7CD3A9A10F3F}"
EndProject
Project("{FAE04EC0-301F-11D3-BF4B-00C04F79EFBC}") = "Unity.Timeline", "Unity.Timeline.csproj", "{1E661334-1902-B68F-788E-51E8F5053BCF}"
EndProject
Project("{FAE04EC0-301F-11D3-BF4B-00C04F79EFBC}") = "Unity.ProBuilder", "Unity.ProBuilder.csproj", "{90A7ADC9-CC18-316D-BED5-A1231A607385}"
EndProject
Project("{FAE04EC0-301F-11D3-BF4B-00C04F79EFBC}") = "Unity.ProGrids", "Unity.ProGrids.csproj", "{05A862DF-54C3-CE6F-3C04-74C9B5805A5A}"
EndProject
Project("{FAE04EC0-301F-11D3-BF4B-00C04F79EFBC}") = "Unity.ProBuilder.Csg", "Unity.ProBuilder.Csg.csproj", "{D9E7E2F0-0000-87E5-3BB1-3DB73CA8963E}"
EndProject
Project("{FAE04EC0-301F-11D3-BF4B-00C04F79EFBC}") = "Unity.RenderPipeline.Universal.ShaderLibrary", "Unity.RenderPipeline.Universal.ShaderLibrary.csproj", "{198EF1A9-6497-B51B-AB8E-AF8CEB436881}"
EndProject
Project("{FAE04EC0-301F-11D3-BF4B-00C04F79EFBC}") = "Unity.ProBuilder.KdTree", "Unity.ProBuilder.KdTree.csproj", "{7580ADFC-86DB-6EF5-5D06-FE0AE9203C8F}"
EndProject
Project("{FAE04EC0-301F-11D3-BF4B-00C04F79EFBC}") = "Unity.RenderPipelines.Core.ShaderLibrary", "Unity.RenderPipelines.Core.ShaderLibrary.csproj", "{A3FA6390-DEFD-562C-5FBB-234B152C6451}"
EndProject
Project("{FAE04EC0-301F-11D3-BF4B-00C04F79EFBC}") = "Unity.ProBuilder.Stl", "Unity.ProBuilder.Stl.csproj", "{4A9D088C-F8FF-8A39-4375-3B57BBAB1C27}"
EndProject
Project("{FAE04EC0-301F-11D3-BF4B-00C04F79EFBC}") = "Unity.RenderPipelines.Universal.Shaders", "Unity.RenderPipelines.Universal.Shaders.csproj", "{425E9431-06AB-B20F-387A-80278FC22564}"
EndProject
Project("{FAE04EC0-301F-11D3-BF4B-00C04F79EFBC}") = "Unity.RenderPipelines.ShaderGraph.ShaderGraphLibrary", "Unity.RenderPipelines.ShaderGraph.ShaderGraphLibrary.csproj", "{F573ED10-6D7D-874E-0A74-1888D7074E4E}"
EndProject
Project("{FAE04EC0-301F-11D3-BF4B-00C04F79EFBC}") = "Unity.PlasticSCM.Editor", "Unity.PlasticSCM.Editor.csproj", "{5F36C5C0-AE92-3027-AD35-14FC63B568C8}"
EndProject
Project("{FAE04EC0-301F-11D3-BF4B-00C04F79EFBC}") = "Unity.VisualScripting.Core.Editor", "Unity.VisualScripting.Core.Editor.csproj", "{A7F14DD4-4A47-E576-17EE-40E28F0A951E}"
EndProject
Project("{FAE04EC0-301F-11D3-BF4B-00C04F79EFBC}") = "Unity.ShaderGraph.Editor", "Unity.ShaderGraph.Editor.csproj", "{827CCA53-C1CD-A376-D015-DACDB12BFD37}"
EndProject
Project("{FAE04EC0-301F-11D3-BF4B-00C04F79EFBC}") = "Unity.VisualStudio.Editor", "Unity.VisualStudio.Editor.csproj", "{120D72B7-9C0C-BB87-37C0-E051465A224E}"
EndProject
Project("{FAE04EC0-301F-11D3-BF4B-00C04F79EFBC}") = "Unity.ProBuilder.Editor", "Unity.ProBuilder.Editor.csproj", "{A56E8962-1C0A-2272-C850-C602ED34B3D4}"
EndProject
Project("{FAE04EC0-301F-11D3-BF4B-00C04F79EFBC}") = "Unity.Timeline.Editor", "Unity.Timeline.Editor.csproj", "{3775E86A-F7BC-40C3-906B-D85A23222EA2}"
EndProject
Project("{FAE04EC0-301F-11D3-BF4B-00C04F79EFBC}") = "Unity.VisualScripting.State.Editor", "Unity.VisualScripting.State.Editor.csproj", "{607370DF-42BD-AFD1-DEBF-CAFB4B6D01D5}"
EndProject
Project("{FAE04EC0-301F-11D3-BF4B-00C04F79EFBC}") = "Unity.TextMeshPro.Editor", "Unity.TextMeshPro.Editor.csproj", "{4B8D8ACC-8CC9-58C5-6DFD-F2A0D7B20C60}"
EndProject
Project("{FAE04EC0-301F-11D3-BF4B-00C04F79EFBC}") = "VSSettingsProvider", "VSSettingsProvider.csproj", "{662FAA78-574F-3D98-F04C-26F71B232820}"
EndProject
Project("{FAE04EC0-301F-11D3-BF4B-00C04F79EFBC}") = "Unity.CollabProxy.Editor", "Unity.CollabProxy.Editor.csproj", "{A835FBA4-D6E5-36BC-6357-D7C285839FF9}"
EndProject
Project("{FAE04EC0-301F-11D3-BF4B-00C04F79EFBC}") = "UnityEditor.TestRunner", "UnityEditor.TestRunner.csproj", "{8E93C282-5447-E1FD-10AF-08B285ADC923}"
EndProject
Project("{FAE04EC0-301F-11D3-BF4B-00C04F79EFBC}") = "Unity.VisualScripting.Flow.Editor", "Unity.VisualScripting.Flow.Editor.csproj", "{36B027B4-8D1A-72BF-5FCE-CE197F4A28CD}"
EndProject
Project("{FAE04EC0-301F-11D3-BF4B-00C04F79EFBC}") = "Unity.Rider.Editor", "Unity.Rider.Editor.csproj", "{F74949DC-9434-D373-EEA3-DCC82D208482}"
EndProject
Project("{FAE04EC0-301F-11D3-BF4B-00C04F79EFBC}") = "Unity.RenderPipelines.Universal.Editor", "Unity.RenderPipelines.Universal.Editor.csproj", "{857E63B0-B182-1B19-7A58-D349C15371C3}"
EndProject
Project("{FAE04EC0-301F-11D3-BF4B-00C04F79EFBC}") = "Unity.Animation.Rigging.Editor", "Unity.Animation.Rigging.Editor.csproj", "{70F66D0E-489E-7328-4155-289E4E1D427E}"
EndProject
Project("{FAE04EC0-301F-11D3-BF4B-00C04F79EFBC}") = "Unity.ProGrids.Editor", "Unity.ProGrids.Editor.csproj", "{C3B54005-8281-0F2B-D174-344384C010D2}"
EndProject
Project("{FAE04EC0-301F-11D3-BF4B-00C04F79EFBC}") = "Unity.RenderPipelines.Core.Editor", "Unity.RenderPipelines.Core.Editor.csproj", "{C92CFF72-2279-7141-CE77-88A7BB262D97}"
EndProject
Project("{FAE04EC0-301F-11D3-BF4B-00C04F79EFBC}") = "Unity.Searcher.Editor", "Unity.Searcher.Editor.csproj", "{D31A6940-C9F5-CB4E-096A-C1720632BC40}"
EndProject
Project("{FAE04EC0-301F-11D3-BF4B-00C04F79EFBC}") = "Unity.Burst.Editor", "Unity.Burst.Editor.csproj", "{AFE0FDE8-BFE0-82DF-B189-B62F0FB032B3}"
EndProject
Project("{FAE04EC0-301F-11D3-BF4B-00C04F79EFBC}") = "Unity.Burst.CodeGen", "Unity.Burst.CodeGen.csproj", "{8FA51B0E-4A9A-E035-3A4A-114B69767E17}"
EndProject
Project("{FAE04EC0-301F-11D3-BF4B-00C04F79EFBC}") = "Unity.VSCode.Editor", "Unity.VSCode.Editor.csproj", "{D32DB3A1-A332-8ECC-E6B7-403B4AABA470}"
EndProject
Project("{FAE04EC0-301F-11D3-BF4B-00C04F79EFBC}") = "Unity.ProBuilder.AssetIdRemapUtility", "Unity.ProBuilder.AssetIdRemapUtility.csproj", "{B9DB0988-0E3E-64E8-F316-230A6945CF4C}"
EndProject
Project("{FAE04EC0-301F-11D3-BF4B-00C04F79EFBC}") = "Unity.2D.Sprite.Editor", "Unity.2D.Sprite.Editor.csproj", "{6A5C097A-CA7B-97B9-D67E-5196271EAB26}"
EndProject
Project("{FAE04EC0-301F-11D3-BF4B-00C04F79EFBC}") = "UnityEditor.UI", "UnityEditor.UI.csproj", "{AD6E27A0-8546-6770-5C0D-488993A17BD0}"
EndProject
Project("{FAE04EC0-301F-11D3-BF4B-00C04F79EFBC}") = "Unity.Settings.Editor", "Unity.Settings.Editor.csproj", "{CD18C2B9-203E-4A38-EA6E-C9FC5C060673}"
EndProject
Project("{FAE04EC0-301F-11D3-BF4B-00C04F79EFBC}") = "Unity.Mathematics.Editor", "Unity.Mathematics.Editor.csproj", "{6AF4E907-4E61-CADA-5F6F-D5209BE8E8BA}"
EndProject
Project("{FAE04EC0-301F-11D3-BF4B-00C04F79EFBC}") = "Assembly-CSharp-Editor", "Assembly-CSharp-Editor.csproj", "{CA871474-115B-D511-8DDA-79528CA36954}"
EndProject
Project("{FAE04EC0-301F-11D3-BF4B-00C04F79EFBC}") = "Unity.ShaderGraph.Utilities", "Unity.ShaderGraph.Utilities.csproj", "{F25744AF-F7BB-6408-BB85-F36C9BC84E14}"
EndProject
Project("{FAE04EC0-301F-11D3-BF4B-00C04F79EFBC}") = "Unity.ProBuilder.AddOns.Editor", "Unity.ProBuilder.AddOns.Editor.csproj", "{790B90D3-9024-E614-DB39-F2698BF590DA}"
EndProject
Global
	GlobalSection(SolutionConfigurationPlatforms) = preSolution
		Debug|Any CPU = Debug|Any CPU
		Release|Any CPU = Release|Any CPU
	EndGlobalSection
	GlobalSection(ProjectConfigurationPlatforms) = postSolution
		{E9F5EFF0-10FE-24A8-8DFE-ED0E7FE98DF2}.Debug|Any CPU.ActiveCfg = Debug|Any CPU
		{E9F5EFF0-10FE-24A8-8DFE-ED0E7FE98DF2}.Debug|Any CPU.Build.0 = Debug|Any CPU
		{E9F5EFF0-10FE-24A8-8DFE-ED0E7FE98DF2}.Release|Any CPU.ActiveCfg = Release|Any CPU
		{E9F5EFF0-10FE-24A8-8DFE-ED0E7FE98DF2}.Release|Any CPU.Build.0 = Release|Any CPU
		{D5B56630-7BEE-95EA-AE1E-70E4A10D8E68}.Debug|Any CPU.ActiveCfg = Debug|Any CPU
		{D5B56630-7BEE-95EA-AE1E-70E4A10D8E68}.Debug|Any CPU.Build.0 = Debug|Any CPU
		{D5B56630-7BEE-95EA-AE1E-70E4A10D8E68}.Release|Any CPU.ActiveCfg = Release|Any CPU
		{D5B56630-7BEE-95EA-AE1E-70E4A10D8E68}.Release|Any CPU.Build.0 = Release|Any CPU
		{0AE852A1-2D91-8B40-9094-2397399E5706}.Debug|Any CPU.ActiveCfg = Debug|Any CPU
		{0AE852A1-2D91-8B40-9094-2397399E5706}.Debug|Any CPU.Build.0 = Debug|Any CPU
		{0AE852A1-2D91-8B40-9094-2397399E5706}.Release|Any CPU.ActiveCfg = Release|Any CPU
		{0AE852A1-2D91-8B40-9094-2397399E5706}.Release|Any CPU.Build.0 = Release|Any CPU
		{F85D11F2-2A00-3E1B-2FCE-F1E83E3E80E4}.Debug|Any CPU.ActiveCfg = Debug|Any CPU
		{F85D11F2-2A00-3E1B-2FCE-F1E83E3E80E4}.Debug|Any CPU.Build.0 = Debug|Any CPU
		{F85D11F2-2A00-3E1B-2FCE-F1E83E3E80E4}.Release|Any CPU.ActiveCfg = Release|Any CPU
		{F85D11F2-2A00-3E1B-2FCE-F1E83E3E80E4}.Release|Any CPU.Build.0 = Release|Any CPU
		{B4784356-19A4-845A-9563-E193BA08A662}.Debug|Any CPU.ActiveCfg = Debug|Any CPU
		{B4784356-19A4-845A-9563-E193BA08A662}.Debug|Any CPU.Build.0 = Debug|Any CPU
		{B4784356-19A4-845A-9563-E193BA08A662}.Release|Any CPU.ActiveCfg = Release|Any CPU
		{B4784356-19A4-845A-9563-E193BA08A662}.Release|Any CPU.Build.0 = Release|Any CPU
		{A2B63402-3611-F105-AE5C-A7D5B9F34DC2}.Debug|Any CPU.ActiveCfg = Debug|Any CPU
		{A2B63402-3611-F105-AE5C-A7D5B9F34DC2}.Debug|Any CPU.Build.0 = Debug|Any CPU
		{A2B63402-3611-F105-AE5C-A7D5B9F34DC2}.Release|Any CPU.ActiveCfg = Release|Any CPU
		{A2B63402-3611-F105-AE5C-A7D5B9F34DC2}.Release|Any CPU.Build.0 = Release|Any CPU
		{2C3DB41C-8B4F-E615-9AD4-3C3B7AA179FD}.Debug|Any CPU.ActiveCfg = Debug|Any CPU
		{2C3DB41C-8B4F-E615-9AD4-3C3B7AA179FD}.Debug|Any CPU.Build.0 = Debug|Any CPU
		{2C3DB41C-8B4F-E615-9AD4-3C3B7AA179FD}.Release|Any CPU.ActiveCfg = Release|Any CPU
		{2C3DB41C-8B4F-E615-9AD4-3C3B7AA179FD}.Release|Any CPU.Build.0 = Release|Any CPU
		{3FAF6531-BB88-FC26-6A77-D0CD1B96C51B}.Debug|Any CPU.ActiveCfg = Debug|Any CPU
		{3FAF6531-BB88-FC26-6A77-D0CD1B96C51B}.Debug|Any CPU.Build.0 = Debug|Any CPU
		{3FAF6531-BB88-FC26-6A77-D0CD1B96C51B}.Release|Any CPU.ActiveCfg = Release|Any CPU
		{3FAF6531-BB88-FC26-6A77-D0CD1B96C51B}.Release|Any CPU.Build.0 = Release|Any CPU
		{7515D5C4-6966-CA2F-F1F2-5332CA4CD1DD}.Debug|Any CPU.ActiveCfg = Debug|Any CPU
		{7515D5C4-6966-CA2F-F1F2-5332CA4CD1DD}.Debug|Any CPU.Build.0 = Debug|Any CPU
		{7515D5C4-6966-CA2F-F1F2-5332CA4CD1DD}.Release|Any CPU.ActiveCfg = Release|Any CPU
		{7515D5C4-6966-CA2F-F1F2-5332CA4CD1DD}.Release|Any CPU.Build.0 = Release|Any CPU
		{82854573-D6AF-7F1D-EE23-A83CCFB44135}.Debug|Any CPU.ActiveCfg = Debug|Any CPU
		{82854573-D6AF-7F1D-EE23-A83CCFB44135}.Debug|Any CPU.Build.0 = Debug|Any CPU
		{82854573-D6AF-7F1D-EE23-A83CCFB44135}.Release|Any CPU.ActiveCfg = Release|Any CPU
		{82854573-D6AF-7F1D-EE23-A83CCFB44135}.Release|Any CPU.Build.0 = Release|Any CPU
		{67A83A24-0611-5317-943B-344BFDEC6B20}.Debug|Any CPU.ActiveCfg = Debug|Any CPU
		{67A83A24-0611-5317-943B-344BFDEC6B20}.Debug|Any CPU.Build.0 = Debug|Any CPU
		{67A83A24-0611-5317-943B-344BFDEC6B20}.Release|Any CPU.ActiveCfg = Release|Any CPU
		{67A83A24-0611-5317-943B-344BFDEC6B20}.Release|Any CPU.Build.0 = Release|Any CPU
		{C1BEA9CC-E2C1-2EDE-269F-9E087C3246D5}.Debug|Any CPU.ActiveCfg = Debug|Any CPU
		{C1BEA9CC-E2C1-2EDE-269F-9E087C3246D5}.Debug|Any CPU.Build.0 = Debug|Any CPU
		{C1BEA9CC-E2C1-2EDE-269F-9E087C3246D5}.Release|Any CPU.ActiveCfg = Release|Any CPU
		{C1BEA9CC-E2C1-2EDE-269F-9E087C3246D5}.Release|Any CPU.Build.0 = Release|Any CPU
		{E17463A3-4E57-33C0-A431-7CD3A9A10F3F}.Debug|Any CPU.ActiveCfg = Debug|Any CPU
		{E17463A3-4E57-33C0-A431-7CD3A9A10F3F}.Debug|Any CPU.Build.0 = Debug|Any CPU
		{E17463A3-4E57-33C0-A431-7CD3A9A10F3F}.Release|Any CPU.ActiveCfg = Release|Any CPU
		{E17463A3-4E57-33C0-A431-7CD3A9A10F3F}.Release|Any CPU.Build.0 = Release|Any CPU
		{1E661334-1902-B68F-788E-51E8F5053BCF}.Debug|Any CPU.ActiveCfg = Debug|Any CPU
		{1E661334-1902-B68F-788E-51E8F5053BCF}.Debug|Any CPU.Build.0 = Debug|Any CPU
		{1E661334-1902-B68F-788E-51E8F5053BCF}.Release|Any CPU.ActiveCfg = Release|Any CPU
		{1E661334-1902-B68F-788E-51E8F5053BCF}.Release|Any CPU.Build.0 = Release|Any CPU
		{90A7ADC9-CC18-316D-BED5-A1231A607385}.Debug|Any CPU.ActiveCfg = Debug|Any CPU
		{90A7ADC9-CC18-316D-BED5-A1231A607385}.Debug|Any CPU.Build.0 = Debug|Any CPU
		{90A7ADC9-CC18-316D-BED5-A1231A607385}.Release|Any CPU.ActiveCfg = Release|Any CPU
		{90A7ADC9-CC18-316D-BED5-A1231A607385}.Release|Any CPU.Build.0 = Release|Any CPU
		{05A862DF-54C3-CE6F-3C04-74C9B5805A5A}.Debug|Any CPU.ActiveCfg = Debug|Any CPU
		{05A862DF-54C3-CE6F-3C04-74C9B5805A5A}.Debug|Any CPU.Build.0 = Debug|Any CPU
		{05A862DF-54C3-CE6F-3C04-74C9B5805A5A}.Release|Any CPU.ActiveCfg = Release|Any CPU
		{05A862DF-54C3-CE6F-3C04-74C9B5805A5A}.Release|Any CPU.Build.0 = Release|Any CPU
		{D9E7E2F0-0000-87E5-3BB1-3DB73CA8963E}.Debug|Any CPU.ActiveCfg = Debug|Any CPU
		{D9E7E2F0-0000-87E5-3BB1-3DB73CA8963E}.Debug|Any CPU.Build.0 = Debug|Any CPU
		{D9E7E2F0-0000-87E5-3BB1-3DB73CA8963E}.Release|Any CPU.ActiveCfg = Release|Any CPU
		{D9E7E2F0-0000-87E5-3BB1-3DB73CA8963E}.Release|Any CPU.Build.0 = Release|Any CPU
		{198EF1A9-6497-B51B-AB8E-AF8CEB436881}.Debug|Any CPU.ActiveCfg = Debug|Any CPU
		{198EF1A9-6497-B51B-AB8E-AF8CEB436881}.Debug|Any CPU.Build.0 = Debug|Any CPU
		{198EF1A9-6497-B51B-AB8E-AF8CEB436881}.Release|Any CPU.ActiveCfg = Release|Any CPU
		{198EF1A9-6497-B51B-AB8E-AF8CEB436881}.Release|Any CPU.Build.0 = Release|Any CPU
		{7580ADFC-86DB-6EF5-5D06-FE0AE9203C8F}.Debug|Any CPU.ActiveCfg = Debug|Any CPU
		{7580ADFC-86DB-6EF5-5D06-FE0AE9203C8F}.Debug|Any CPU.Build.0 = Debug|Any CPU
		{7580ADFC-86DB-6EF5-5D06-FE0AE9203C8F}.Release|Any CPU.ActiveCfg = Release|Any CPU
		{7580ADFC-86DB-6EF5-5D06-FE0AE9203C8F}.Release|Any CPU.Build.0 = Release|Any CPU
		{A3FA6390-DEFD-562C-5FBB-234B152C6451}.Debug|Any CPU.ActiveCfg = Debug|Any CPU
		{A3FA6390-DEFD-562C-5FBB-234B152C6451}.Debug|Any CPU.Build.0 = Debug|Any CPU
		{A3FA6390-DEFD-562C-5FBB-234B152C6451}.Release|Any CPU.ActiveCfg = Release|Any CPU
		{A3FA6390-DEFD-562C-5FBB-234B152C6451}.Release|Any CPU.Build.0 = Release|Any CPU
		{4A9D088C-F8FF-8A39-4375-3B57BBAB1C27}.Debug|Any CPU.ActiveCfg = Debug|Any CPU
		{4A9D088C-F8FF-8A39-4375-3B57BBAB1C27}.Debug|Any CPU.Build.0 = Debug|Any CPU
		{4A9D088C-F8FF-8A39-4375-3B57BBAB1C27}.Release|Any CPU.ActiveCfg = Release|Any CPU
		{4A9D088C-F8FF-8A39-4375-3B57BBAB1C27}.Release|Any CPU.Build.0 = Release|Any CPU
		{425E9431-06AB-B20F-387A-80278FC22564}.Debug|Any CPU.ActiveCfg = Debug|Any CPU
		{425E9431-06AB-B20F-387A-80278FC22564}.Debug|Any CPU.Build.0 = Debug|Any CPU
		{425E9431-06AB-B20F-387A-80278FC22564}.Release|Any CPU.ActiveCfg = Release|Any CPU
		{425E9431-06AB-B20F-387A-80278FC22564}.Release|Any CPU.Build.0 = Release|Any CPU
		{F573ED10-6D7D-874E-0A74-1888D7074E4E}.Debug|Any CPU.ActiveCfg = Debug|Any CPU
		{F573ED10-6D7D-874E-0A74-1888D7074E4E}.Debug|Any CPU.Build.0 = Debug|Any CPU
		{F573ED10-6D7D-874E-0A74-1888D7074E4E}.Release|Any CPU.ActiveCfg = Release|Any CPU
		{F573ED10-6D7D-874E-0A74-1888D7074E4E}.Release|Any CPU.Build.0 = Release|Any CPU
		{5F36C5C0-AE92-3027-AD35-14FC63B568C8}.Debug|Any CPU.ActiveCfg = Debug|Any CPU
		{5F36C5C0-AE92-3027-AD35-14FC63B568C8}.Debug|Any CPU.Build.0 = Debug|Any CPU
		{5F36C5C0-AE92-3027-AD35-14FC63B568C8}.Release|Any CPU.ActiveCfg = Release|Any CPU
		{5F36C5C0-AE92-3027-AD35-14FC63B568C8}.Release|Any CPU.Build.0 = Release|Any CPU
		{A7F14DD4-4A47-E576-17EE-40E28F0A951E}.Debug|Any CPU.ActiveCfg = Debug|Any CPU
		{A7F14DD4-4A47-E576-17EE-40E28F0A951E}.Debug|Any CPU.Build.0 = Debug|Any CPU
		{A7F14DD4-4A47-E576-17EE-40E28F0A951E}.Release|Any CPU.ActiveCfg = Release|Any CPU
		{A7F14DD4-4A47-E576-17EE-40E28F0A951E}.Release|Any CPU.Build.0 = Release|Any CPU
		{827CCA53-C1CD-A376-D015-DACDB12BFD37}.Debug|Any CPU.ActiveCfg = Debug|Any CPU
		{827CCA53-C1CD-A376-D015-DACDB12BFD37}.Debug|Any CPU.Build.0 = Debug|Any CPU
		{827CCA53-C1CD-A376-D015-DACDB12BFD37}.Release|Any CPU.ActiveCfg = Release|Any CPU
		{827CCA53-C1CD-A376-D015-DACDB12BFD37}.Release|Any CPU.Build.0 = Release|Any CPU
		{120D72B7-9C0C-BB87-37C0-E051465A224E}.Debug|Any CPU.ActiveCfg = Debug|Any CPU
		{120D72B7-9C0C-BB87-37C0-E051465A224E}.Debug|Any CPU.Build.0 = Debug|Any CPU
		{120D72B7-9C0C-BB87-37C0-E051465A224E}.Release|Any CPU.ActiveCfg = Release|Any CPU
		{120D72B7-9C0C-BB87-37C0-E051465A224E}.Release|Any CPU.Build.0 = Release|Any CPU
		{A56E8962-1C0A-2272-C850-C602ED34B3D4}.Debug|Any CPU.ActiveCfg = Debug|Any CPU
		{A56E8962-1C0A-2272-C850-C602ED34B3D4}.Debug|Any CPU.Build.0 = Debug|Any CPU
		{A56E8962-1C0A-2272-C850-C602ED34B3D4}.Release|Any CPU.ActiveCfg = Release|Any CPU
		{A56E8962-1C0A-2272-C850-C602ED34B3D4}.Release|Any CPU.Build.0 = Release|Any CPU
		{3775E86A-F7BC-40C3-906B-D85A23222EA2}.Debug|Any CPU.ActiveCfg = Debug|Any CPU
		{3775E86A-F7BC-40C3-906B-D85A23222EA2}.Debug|Any CPU.Build.0 = Debug|Any CPU
		{3775E86A-F7BC-40C3-906B-D85A23222EA2}.Release|Any CPU.ActiveCfg = Release|Any CPU
		{3775E86A-F7BC-40C3-906B-D85A23222EA2}.Release|Any CPU.Build.0 = Release|Any CPU
		{607370DF-42BD-AFD1-DEBF-CAFB4B6D01D5}.Debug|Any CPU.ActiveCfg = Debug|Any CPU
		{607370DF-42BD-AFD1-DEBF-CAFB4B6D01D5}.Debug|Any CPU.Build.0 = Debug|Any CPU
		{607370DF-42BD-AFD1-DEBF-CAFB4B6D01D5}.Release|Any CPU.ActiveCfg = Release|Any CPU
		{607370DF-42BD-AFD1-DEBF-CAFB4B6D01D5}.Release|Any CPU.Build.0 = Release|Any CPU
		{4B8D8ACC-8CC9-58C5-6DFD-F2A0D7B20C60}.Debug|Any CPU.ActiveCfg = Debug|Any CPU
		{4B8D8ACC-8CC9-58C5-6DFD-F2A0D7B20C60}.Debug|Any CPU.Build.0 = Debug|Any CPU
		{4B8D8ACC-8CC9-58C5-6DFD-F2A0D7B20C60}.Release|Any CPU.ActiveCfg = Release|Any CPU
		{4B8D8ACC-8CC9-58C5-6DFD-F2A0D7B20C60}.Release|Any CPU.Build.0 = Release|Any CPU
		{662FAA78-574F-3D98-F04C-26F71B232820}.Debug|Any CPU.ActiveCfg = Debug|Any CPU
		{662FAA78-574F-3D98-F04C-26F71B232820}.Debug|Any CPU.Build.0 = Debug|Any CPU
		{662FAA78-574F-3D98-F04C-26F71B232820}.Release|Any CPU.ActiveCfg = Release|Any CPU
		{662FAA78-574F-3D98-F04C-26F71B232820}.Release|Any CPU.Build.0 = Release|Any CPU
		{A835FBA4-D6E5-36BC-6357-D7C285839FF9}.Debug|Any CPU.ActiveCfg = Debug|Any CPU
		{A835FBA4-D6E5-36BC-6357-D7C285839FF9}.Debug|Any CPU.Build.0 = Debug|Any CPU
		{A835FBA4-D6E5-36BC-6357-D7C285839FF9}.Release|Any CPU.ActiveCfg = Release|Any CPU
		{A835FBA4-D6E5-36BC-6357-D7C285839FF9}.Release|Any CPU.Build.0 = Release|Any CPU
		{8E93C282-5447-E1FD-10AF-08B285ADC923}.Debug|Any CPU.ActiveCfg = Debug|Any CPU
		{8E93C282-5447-E1FD-10AF-08B285ADC923}.Debug|Any CPU.Build.0 = Debug|Any CPU
		{8E93C282-5447-E1FD-10AF-08B285ADC923}.Release|Any CPU.ActiveCfg = Release|Any CPU
		{8E93C282-5447-E1FD-10AF-08B285ADC923}.Release|Any CPU.Build.0 = Release|Any CPU
		{36B027B4-8D1A-72BF-5FCE-CE197F4A28CD}.Debug|Any CPU.ActiveCfg = Debug|Any CPU
		{36B027B4-8D1A-72BF-5FCE-CE197F4A28CD}.Debug|Any CPU.Build.0 = Debug|Any CPU
		{36B027B4-8D1A-72BF-5FCE-CE197F4A28CD}.Release|Any CPU.ActiveCfg = Release|Any CPU
		{36B027B4-8D1A-72BF-5FCE-CE197F4A28CD}.Release|Any CPU.Build.0 = Release|Any CPU
		{F74949DC-9434-D373-EEA3-DCC82D208482}.Debug|Any CPU.ActiveCfg = Debug|Any CPU
		{F74949DC-9434-D373-EEA3-DCC82D208482}.Debug|Any CPU.Build.0 = Debug|Any CPU
		{F74949DC-9434-D373-EEA3-DCC82D208482}.Release|Any CPU.ActiveCfg = Release|Any CPU
		{F74949DC-9434-D373-EEA3-DCC82D208482}.Release|Any CPU.Build.0 = Release|Any CPU
		{857E63B0-B182-1B19-7A58-D349C15371C3}.Debug|Any CPU.ActiveCfg = Debug|Any CPU
		{857E63B0-B182-1B19-7A58-D349C15371C3}.Debug|Any CPU.Build.0 = Debug|Any CPU
		{857E63B0-B182-1B19-7A58-D349C15371C3}.Release|Any CPU.ActiveCfg = Release|Any CPU
		{857E63B0-B182-1B19-7A58-D349C15371C3}.Release|Any CPU.Build.0 = Release|Any CPU
		{70F66D0E-489E-7328-4155-289E4E1D427E}.Debug|Any CPU.ActiveCfg = Debug|Any CPU
		{70F66D0E-489E-7328-4155-289E4E1D427E}.Debug|Any CPU.Build.0 = Debug|Any CPU
		{70F66D0E-489E-7328-4155-289E4E1D427E}.Release|Any CPU.ActiveCfg = Release|Any CPU
		{70F66D0E-489E-7328-4155-289E4E1D427E}.Release|Any CPU.Build.0 = Release|Any CPU
		{C3B54005-8281-0F2B-D174-344384C010D2}.Debug|Any CPU.ActiveCfg = Debug|Any CPU
		{C3B54005-8281-0F2B-D174-344384C010D2}.Debug|Any CPU.Build.0 = Debug|Any CPU
		{C3B54005-8281-0F2B-D174-344384C010D2}.Release|Any CPU.ActiveCfg = Release|Any CPU
		{C3B54005-8281-0F2B-D174-344384C010D2}.Release|Any CPU.Build.0 = Release|Any CPU
		{C92CFF72-2279-7141-CE77-88A7BB262D97}.Debug|Any CPU.ActiveCfg = Debug|Any CPU
		{C92CFF72-2279-7141-CE77-88A7BB262D97}.Debug|Any CPU.Build.0 = Debug|Any CPU
		{C92CFF72-2279-7141-CE77-88A7BB262D97}.Release|Any CPU.ActiveCfg = Release|Any CPU
		{C92CFF72-2279-7141-CE77-88A7BB262D97}.Release|Any CPU.Build.0 = Release|Any CPU
		{D31A6940-C9F5-CB4E-096A-C1720632BC40}.Debug|Any CPU.ActiveCfg = Debug|Any CPU
		{D31A6940-C9F5-CB4E-096A-C1720632BC40}.Debug|Any CPU.Build.0 = Debug|Any CPU
		{D31A6940-C9F5-CB4E-096A-C1720632BC40}.Release|Any CPU.ActiveCfg = Release|Any CPU
		{D31A6940-C9F5-CB4E-096A-C1720632BC40}.Release|Any CPU.Build.0 = Release|Any CPU
		{AFE0FDE8-BFE0-82DF-B189-B62F0FB032B3}.Debug|Any CPU.ActiveCfg = Debug|Any CPU
		{AFE0FDE8-BFE0-82DF-B189-B62F0FB032B3}.Debug|Any CPU.Build.0 = Debug|Any CPU
		{AFE0FDE8-BFE0-82DF-B189-B62F0FB032B3}.Release|Any CPU.ActiveCfg = Release|Any CPU
		{AFE0FDE8-BFE0-82DF-B189-B62F0FB032B3}.Release|Any CPU.Build.0 = Release|Any CPU
		{8FA51B0E-4A9A-E035-3A4A-114B69767E17}.Debug|Any CPU.ActiveCfg = Debug|Any CPU
		{8FA51B0E-4A9A-E035-3A4A-114B69767E17}.Debug|Any CPU.Build.0 = Debug|Any CPU
		{8FA51B0E-4A9A-E035-3A4A-114B69767E17}.Release|Any CPU.ActiveCfg = Release|Any CPU
		{8FA51B0E-4A9A-E035-3A4A-114B69767E17}.Release|Any CPU.Build.0 = Release|Any CPU
		{D32DB3A1-A332-8ECC-E6B7-403B4AABA470}.Debug|Any CPU.ActiveCfg = Debug|Any CPU
		{D32DB3A1-A332-8ECC-E6B7-403B4AABA470}.Debug|Any CPU.Build.0 = Debug|Any CPU
		{D32DB3A1-A332-8ECC-E6B7-403B4AABA470}.Release|Any CPU.ActiveCfg = Release|Any CPU
		{D32DB3A1-A332-8ECC-E6B7-403B4AABA470}.Release|Any CPU.Build.0 = Release|Any CPU
		{B9DB0988-0E3E-64E8-F316-230A6945CF4C}.Debug|Any CPU.ActiveCfg = Debug|Any CPU
		{B9DB0988-0E3E-64E8-F316-230A6945CF4C}.Debug|Any CPU.Build.0 = Debug|Any CPU
		{B9DB0988-0E3E-64E8-F316-230A6945CF4C}.Release|Any CPU.ActiveCfg = Release|Any CPU
		{B9DB0988-0E3E-64E8-F316-230A6945CF4C}.Release|Any CPU.Build.0 = Release|Any CPU
		{6A5C097A-CA7B-97B9-D67E-5196271EAB26}.Debug|Any CPU.ActiveCfg = Debug|Any CPU
		{6A5C097A-CA7B-97B9-D67E-5196271EAB26}.Debug|Any CPU.Build.0 = Debug|Any CPU
		{6A5C097A-CA7B-97B9-D67E-5196271EAB26}.Release|Any CPU.ActiveCfg = Release|Any CPU
		{6A5C097A-CA7B-97B9-D67E-5196271EAB26}.Release|Any CPU.Build.0 = Release|Any CPU
		{AD6E27A0-8546-6770-5C0D-488993A17BD0}.Debug|Any CPU.ActiveCfg = Debug|Any CPU
		{AD6E27A0-8546-6770-5C0D-488993A17BD0}.Debug|Any CPU.Build.0 = Debug|Any CPU
		{AD6E27A0-8546-6770-5C0D-488993A17BD0}.Release|Any CPU.ActiveCfg = Release|Any CPU
		{AD6E27A0-8546-6770-5C0D-488993A17BD0}.Release|Any CPU.Build.0 = Release|Any CPU
		{CD18C2B9-203E-4A38-EA6E-C9FC5C060673}.Debug|Any CPU.ActiveCfg = Debug|Any CPU
		{CD18C2B9-203E-4A38-EA6E-C9FC5C060673}.Debug|Any CPU.Build.0 = Debug|Any CPU
		{CD18C2B9-203E-4A38-EA6E-C9FC5C060673}.Release|Any CPU.ActiveCfg = Release|Any CPU
		{CD18C2B9-203E-4A38-EA6E-C9FC5C060673}.Release|Any CPU.Build.0 = Release|Any CPU
		{6AF4E907-4E61-CADA-5F6F-D5209BE8E8BA}.Debug|Any CPU.ActiveCfg = Debug|Any CPU
		{6AF4E907-4E61-CADA-5F6F-D5209BE8E8BA}.Debug|Any CPU.Build.0 = Debug|Any CPU
		{6AF4E907-4E61-CADA-5F6F-D5209BE8E8BA}.Release|Any CPU.ActiveCfg = Release|Any CPU
		{6AF4E907-4E61-CADA-5F6F-D5209BE8E8BA}.Release|Any CPU.Build.0 = Release|Any CPU
		{CA871474-115B-D511-8DDA-79528CA36954}.Debug|Any CPU.ActiveCfg = Debug|Any CPU
		{CA871474-115B-D511-8DDA-79528CA36954}.Debug|Any CPU.Build.0 = Debug|Any CPU
		{CA871474-115B-D511-8DDA-79528CA36954}.Release|Any CPU.ActiveCfg = Release|Any CPU
		{CA871474-115B-D511-8DDA-79528CA36954}.Release|Any CPU.Build.0 = Release|Any CPU
		{F25744AF-F7BB-6408-BB85-F36C9BC84E14}.Debug|Any CPU.ActiveCfg = Debug|Any CPU
		{F25744AF-F7BB-6408-BB85-F36C9BC84E14}.Debug|Any CPU.Build.0 = Debug|Any CPU
		{F25744AF-F7BB-6408-BB85-F36C9BC84E14}.Release|Any CPU.ActiveCfg = Release|Any CPU
		{F25744AF-F7BB-6408-BB85-F36C9BC84E14}.Release|Any CPU.Build.0 = Release|Any CPU
		{790B90D3-9024-E614-DB39-F2698BF590DA}.Debug|Any CPU.ActiveCfg = Debug|Any CPU
		{790B90D3-9024-E614-DB39-F2698BF590DA}.Debug|Any CPU.Build.0 = Debug|Any CPU
		{790B90D3-9024-E614-DB39-F2698BF590DA}.Release|Any CPU.ActiveCfg = Release|Any CPU
		{790B90D3-9024-E614-DB39-F2698BF590DA}.Release|Any CPU.Build.0 = Release|Any CPU
	EndGlobalSection
	GlobalSection(SolutionProperties) = preSolution
		HideSolutionNode = FALSE
	EndGlobalSection
EndGlobal
